
Microsoft Visual Studio Solution File, Format Version 12.00
# Visual Studio 15
VisualStudioVersion = 15.0.28307.136
MinimumVisualStudioVersion = 10.0.40219.1
Project("{FAE04EC0-301F-11D3-BF4B-00C04F79EFBC}") = "ChatMessenger.PresentationLayer", "ChatMessenger.PresentationLayer\ChatMessenger.PresentationLayer.csproj", "{09695C9C-E0B5-4E01-A313-36CA128D009B}"
EndProject
Global
	GlobalSection(SolutionConfigurationPlatforms) = preSolution
		Debug|Any CPU = Debug|Any CPU
		Release|Any CPU = Release|Any CPU
	EndGlobalSection
	GlobalSection(ProjectConfigurationPlatforms) = postSolution
		{09695C9C-E0B5-4E01-A313-36CA128D009B}.Debug|Any CPU.ActiveCfg = Debug|Any CPU
		{09695C9C-E0B5-4E01-A313-36CA128D009B}.Debug|Any CPU.Build.0 = Debug|Any CPU
		{09695C9C-E0B5-4E01-A313-36CA128D009B}.Release|Any CPU.ActiveCfg = Release|Any CPU
		{09695C9C-E0B5-4E01-A313-36CA128D009B}.Release|Any CPU.Build.0 = Release|Any CPU
	EndGlobalSection
	GlobalSection(SolutionProperties) = preSolution
		HideSolutionNode = FALSE
	EndGlobalSection
	GlobalSection(ExtensibilityGlobals) = postSolution
		SolutionGuid = {1034A9F4-0D37-4754-8A50-2F0E8AADA57F}
	EndGlobalSection
EndGlobal
